// !$*UTF8*$!
{
	archiveVersion = 1;
	classes = {
	};
	objectVersion = 50;
	objects = {

/* Begin PBXBuildFile section */
		2706808326D44FCE0050E274 /* BusinessDetail.swift in Sources */ = {isa = PBXBuildFile; fileRef = 2706808226D44FCE0050E274 /* BusinessDetail.swift */; };
		2727D6D626D047D0000E14E0 /* CitySightsApp.swift in Sources */ = {isa = PBXBuildFile; fileRef = 2727D6D526D047D0000E14E0 /* CitySightsApp.swift */; };
		2727D6D826D047D0000E14E0 /* LaunchView.swift in Sources */ = {isa = PBXBuildFile; fileRef = 2727D6D726D047D0000E14E0 /* LaunchView.swift */; };
		2727D6DA26D047D1000E14E0 /* Assets.xcassets in Resources */ = {isa = PBXBuildFile; fileRef = 2727D6D926D047D1000E14E0 /* Assets.xcassets */; };
		2727D6DD26D047D1000E14E0 /* Preview Assets.xcassets in Resources */ = {isa = PBXBuildFile; fileRef = 2727D6DC26D047D1000E14E0 /* Preview Assets.xcassets */; };
		2727D6E826D04A3F000E14E0 /* ContentModel.swift in Sources */ = {isa = PBXBuildFile; fileRef = 2727D6E726D04A3F000E14E0 /* ContentModel.swift */; };
		2727D6EA26D07C40000E14E0 /* Business.swift in Sources */ = {isa = PBXBuildFile; fileRef = 2727D6E926D07C40000E14E0 /* Business.swift */; };
		2727D6EC26D07F0A000E14E0 /* BusinessSearch.swift in Sources */ = {isa = PBXBuildFile; fileRef = 2727D6EB26D07F0A000E14E0 /* BusinessSearch.swift */; };
		277D802926D8552100C801D3 /* BusinessMap.swift in Sources */ = {isa = PBXBuildFile; fileRef = 277D802826D8552100C801D3 /* BusinessMap.swift */; };
		277EB55C26D4344C0013D832 /* BusinessSectionHeader.swift in Sources */ = {isa = PBXBuildFile; fileRef = 277EB55B26D4344C0013D832 /* BusinessSectionHeader.swift */; };
		277EB55E26D439370013D832 /* BusinessSection.swift in Sources */ = {isa = PBXBuildFile; fileRef = 277EB55D26D439370013D832 /* BusinessSection.swift */; };
		277EB56026D43F850013D832 /* BusinessRow.swift in Sources */ = {isa = PBXBuildFile; fileRef = 277EB55F26D43F850013D832 /* BusinessRow.swift */; };
		27E28C1E26D0FBC700CDDD2E /* Constants.swift in Sources */ = {isa = PBXBuildFile; fileRef = 27E28C1D26D0FBC700CDDD2E /* Constants.swift */; };
		27E28C2326D1023900CDDD2E /* HomeView.swift in Sources */ = {isa = PBXBuildFile; fileRef = 27E28C2226D1023900CDDD2E /* HomeView.swift */; };
		27E28C2626D1068300CDDD2E /* BusinessList.swift in Sources */ = {isa = PBXBuildFile; fileRef = 27E28C2526D1068300CDDD2E /* BusinessList.swift */; };
/* End PBXBuildFile section */

/* Begin PBXFileReference section */
		2706808226D44FCE0050E274 /* BusinessDetail.swift */ = {isa = PBXFileReference; lastKnownFileType = sourcecode.swift; path = BusinessDetail.swift; sourceTree = "<group>"; };
		2727D6D226D047CF000E14E0 /* City Sights App.app */ = {isa = PBXFileReference; explicitFileType = wrapper.application; includeInIndex = 0; path = "City Sights App.app"; sourceTree = BUILT_PRODUCTS_DIR; };
		2727D6D526D047D0000E14E0 /* CitySightsApp.swift */ = {isa = PBXFileReference; lastKnownFileType = sourcecode.swift; path = CitySightsApp.swift; sourceTree = "<group>"; };
		2727D6D726D047D0000E14E0 /* LaunchView.swift */ = {isa = PBXFileReference; lastKnownFileType = sourcecode.swift; path = LaunchView.swift; sourceTree = "<group>"; };
		2727D6D926D047D1000E14E0 /* Assets.xcassets */ = {isa = PBXFileReference; lastKnownFileType = folder.assetcatalog; path = Assets.xcassets; sourceTree = "<group>"; };
		2727D6DC26D047D1000E14E0 /* Preview Assets.xcassets */ = {isa = PBXFileReference; lastKnownFileType = folder.assetcatalog; path = "Preview Assets.xcassets"; sourceTree = "<group>"; };
		2727D6DE26D047D1000E14E0 /* Info.plist */ = {isa = PBXFileReference; lastKnownFileType = text.plist.xml; path = Info.plist; sourceTree = "<group>"; };
		2727D6E726D04A3F000E14E0 /* ContentModel.swift */ = {isa = PBXFileReference; lastKnownFileType = sourcecode.swift; path = ContentModel.swift; sourceTree = "<group>"; };
		2727D6E926D07C40000E14E0 /* Business.swift */ = {isa = PBXFileReference; lastKnownFileType = sourcecode.swift; path = Business.swift; sourceTree = "<group>"; };
		2727D6EB26D07F0A000E14E0 /* BusinessSearch.swift */ = {isa = PBXFileReference; lastKnownFileType = sourcecode.swift; path = BusinessSearch.swift; sourceTree = "<group>"; };
		277D802826D8552100C801D3 /* BusinessMap.swift */ = {isa = PBXFileReference; lastKnownFileType = sourcecode.swift; path = BusinessMap.swift; sourceTree = "<group>"; };
		277EB55B26D4344C0013D832 /* BusinessSectionHeader.swift */ = {isa = PBXFileReference; lastKnownFileType = sourcecode.swift; path = BusinessSectionHeader.swift; sourceTree = "<group>"; };
		277EB55D26D439370013D832 /* BusinessSection.swift */ = {isa = PBXFileReference; lastKnownFileType = sourcecode.swift; path = BusinessSection.swift; sourceTree = "<group>"; };
		277EB55F26D43F850013D832 /* BusinessRow.swift */ = {isa = PBXFileReference; lastKnownFileType = sourcecode.swift; path = BusinessRow.swift; sourceTree = "<group>"; };
		27E28C1D26D0FBC700CDDD2E /* Constants.swift */ = {isa = PBXFileReference; lastKnownFileType = sourcecode.swift; path = Constants.swift; sourceTree = "<group>"; };
		27E28C2226D1023900CDDD2E /* HomeView.swift */ = {isa = PBXFileReference; lastKnownFileType = sourcecode.swift; path = HomeView.swift; sourceTree = "<group>"; };
		27E28C2526D1068300CDDD2E /* BusinessList.swift */ = {isa = PBXFileReference; lastKnownFileType = sourcecode.swift; path = BusinessList.swift; sourceTree = "<group>"; };
/* End PBXFileReference section */

/* Begin PBXFrameworksBuildPhase section */
		2727D6CF26D047CF000E14E0 /* Frameworks */ = {
			isa = PBXFrameworksBuildPhase;
			buildActionMask = 2147483647;
			files = (
			);
			runOnlyForDeploymentPostprocessing = 0;
		};
/* End PBXFrameworksBuildPhase section */

/* Begin PBXGroup section */
		2706808126D44FB00050E274 /* Detail */ = {
			isa = PBXGroup;
			children = (
				2706808226D44FCE0050E274 /* BusinessDetail.swift */,
			);
			path = Detail;
			sourceTree = "<group>";
		};
		2727D6C926D047CF000E14E0 = {
			isa = PBXGroup;
			children = (
				2727D6D426D047CF000E14E0 /* City Sights App */,
				2727D6D326D047CF000E14E0 /* Products */,
			);
			sourceTree = "<group>";
		};
		2727D6D326D047CF000E14E0 /* Products */ = {
			isa = PBXGroup;
			children = (
				2727D6D226D047CF000E14E0 /* City Sights App.app */,
			);
			name = Products;
			sourceTree = "<group>";
		};
		2727D6D426D047CF000E14E0 /* City Sights App */ = {
			isa = PBXGroup;
			children = (
				2727D6D526D047D0000E14E0 /* CitySightsApp.swift */,
				2727D6E426D04846000E14E0 /* Views */,
				2727D6E526D04853000E14E0 /* ViewModules */,
				2727D6E626D04876000E14E0 /* Models */,
				27E28C1C26D0FBAA00CDDD2E /* Helpers */,
				2727D6D926D047D1000E14E0 /* Assets.xcassets */,
				2727D6DE26D047D1000E14E0 /* Info.plist */,
				2727D6DB26D047D1000E14E0 /* Preview Content */,
			);
			path = "City Sights App";
			sourceTree = "<group>";
		};
		2727D6DB26D047D1000E14E0 /* Preview Content */ = {
			isa = PBXGroup;
			children = (
				2727D6DC26D047D1000E14E0 /* Preview Assets.xcassets */,
			);
			path = "Preview Content";
			sourceTree = "<group>";
		};
		2727D6E426D04846000E14E0 /* Views */ = {
			isa = PBXGroup;
			children = (
				2727D6D726D047D0000E14E0 /* LaunchView.swift */,
				27E28C1F26D101CE00CDDD2E /* Home */,
				27E28C2026D101D900CDDD2E /* Denied */,
				27E28C2126D1020700CDDD2E /* Onboarding */,
			);
			path = Views;
			sourceTree = "<group>";
		};
		2727D6E526D04853000E14E0 /* ViewModules */ = {
			isa = PBXGroup;
			children = (
				2727D6E726D04A3F000E14E0 /* ContentModel.swift */,
			);
			path = ViewModules;
			sourceTree = "<group>";
		};
		2727D6E626D04876000E14E0 /* Models */ = {
			isa = PBXGroup;
			children = (
				2727D6E926D07C40000E14E0 /* Business.swift */,
				2727D6EB26D07F0A000E14E0 /* BusinessSearch.swift */,
			);
			path = Models;
			sourceTree = "<group>";
		};
		277D802726D854F400C801D3 /* Map */ = {
			isa = PBXGroup;
			children = (
				277D802826D8552100C801D3 /* BusinessMap.swift */,
			);
			path = Map;
			sourceTree = "<group>";
		};
		27E28C1C26D0FBAA00CDDD2E /* Helpers */ = {
			isa = PBXGroup;
			children = (
				27E28C1D26D0FBC700CDDD2E /* Constants.swift */,
			);
			path = Helpers;
			sourceTree = "<group>";
		};
		27E28C1F26D101CE00CDDD2E /* Home */ = {
			isa = PBXGroup;
			children = (
				27E28C2226D1023900CDDD2E /* HomeView.swift */,
				2706808126D44FB00050E274 /* Detail */,
				277D802726D854F400C801D3 /* Map */,
				27E28C2426D1065800CDDD2E /* List */,
			);
			path = Home;
			sourceTree = "<group>";
		};
		27E28C2026D101D900CDDD2E /* Denied */ = {
			isa = PBXGroup;
			children = (
			);
			path = Denied;
			sourceTree = "<group>";
		};
		27E28C2126D1020700CDDD2E /* Onboarding */ = {
			isa = PBXGroup;
			children = (
			);
			path = Onboarding;
			sourceTree = "<group>";
		};
		27E28C2426D1065800CDDD2E /* List */ = {
			isa = PBXGroup;
			children = (
				27E28C2526D1068300CDDD2E /* BusinessList.swift */,
				277EB55B26D4344C0013D832 /* BusinessSectionHeader.swift */,
				277EB55D26D439370013D832 /* BusinessSection.swift */,
				277EB55F26D43F850013D832 /* BusinessRow.swift */,
			);
			path = List;
			sourceTree = "<group>";
		};
/* End PBXGroup section */

/* Begin PBXNativeTarget section */
		2727D6D126D047CF000E14E0 /* City Sights App */ = {
			isa = PBXNativeTarget;
			buildConfigurationList = 2727D6E126D047D1000E14E0 /* Build configuration list for PBXNativeTarget "City Sights App" */;
			buildPhases = (
				2727D6CE26D047CF000E14E0 /* Sources */,
				2727D6CF26D047CF000E14E0 /* Frameworks */,
				2727D6D026D047CF000E14E0 /* Resources */,
			);
			buildRules = (
			);
			dependencies = (
			);
			name = "City Sights App";
			productName = "City Sights App";
			productReference = 2727D6D226D047CF000E14E0 /* City Sights App.app */;
			productType = "com.apple.product-type.application";
		};
/* End PBXNativeTarget section */

/* Begin PBXProject section */
		2727D6CA26D047CF000E14E0 /* Project object */ = {
			isa = PBXProject;
			attributes = {
				LastSwiftUpdateCheck = 1250;
				LastUpgradeCheck = 1250;
				TargetAttributes = {
					2727D6D126D047CF000E14E0 = {
						CreatedOnToolsVersion = 12.5.1;
					};
				};
			};
			buildConfigurationList = 2727D6CD26D047CF000E14E0 /* Build configuration list for PBXProject "City Sights App" */;
			compatibilityVersion = "Xcode 9.3";
			developmentRegion = en;
			hasScannedForEncodings = 0;
			knownRegions = (
				en,
				Base,
			);
			mainGroup = 2727D6C926D047CF000E14E0;
			productRefGroup = 2727D6D326D047CF000E14E0 /* Products */;
			projectDirPath = "";
			projectRoot = "";
			targets = (
				2727D6D126D047CF000E14E0 /* City Sights App */,
			);
		};
/* End PBXProject section */

/* Begin PBXResourcesBuildPhase section */
		2727D6D026D047CF000E14E0 /* Resources */ = {
			isa = PBXResourcesBuildPhase;
			buildActionMask = 2147483647;
			files = (
				2727D6DD26D047D1000E14E0 /* Preview Assets.xcassets in Resources */,
				2727D6DA26D047D1000E14E0 /* Assets.xcassets in Resources */,
			);
			runOnlyForDeploymentPostprocessing = 0;
		};
/* End PBXResourcesBuildPhase section */

/* Begin PBXSourcesBuildPhase section */
		2727D6CE26D047CF000E14E0 /* Sources */ = {
			isa = PBXSourcesBuildPhase;
			buildActionMask = 2147483647;
			files = (
				2727D6D826D047D0000E14E0 /* LaunchView.swift in Sources */,
				277EB56026D43F850013D832 /* BusinessRow.swift in Sources */,
				27E28C2326D1023900CDDD2E /* HomeView.swift in Sources */,
				277EB55C26D4344C0013D832 /* BusinessSectionHeader.swift in Sources */,
				27E28C1E26D0FBC700CDDD2E /* Constants.swift in Sources */,
				2727D6EA26D07C40000E14E0 /* Business.swift in Sources */,
				2706808326D44FCE0050E274 /* BusinessDetail.swift in Sources */,
				2727D6D626D047D0000E14E0 /* CitySightsApp.swift in Sources */,
				27E28C2626D1068300CDDD2E /* BusinessList.swift in Sources */,
				277D802926D8552100C801D3 /* BusinessMap.swift in Sources */,
				277EB55E26D439370013D832 /* BusinessSection.swift in Sources */,
				2727D6EC26D07F0A000E14E0 /* BusinessSearch.swift in Sources */,
				2727D6E826D04A3F000E14E0 /* ContentModel.swift in Sources */,
			);
			runOnlyForDeploymentPostprocessing = 0;
		};
/* End PBXSourcesBuildPhase section */

/* Begin XCBuildConfiguration section */
		2727D6DF26D047D1000E14E0 /* Debug */ = {
			isa = XCBuildConfiguration;
			buildSettings = {
				ALWAYS_SEARCH_USER_PATHS = NO;
				CLANG_ANALYZER_NONNULL = YES;
				CLANG_ANALYZER_NUMBER_OBJECT_CONVERSION = YES_AGGRESSIVE;
				CLANG_CXX_LANGUAGE_STANDARD = "gnu++14";
				CLANG_CXX_LIBRARY = "libc++";
				CLANG_ENABLE_MODULES = YES;
				CLANG_ENABLE_OBJC_ARC = YES;
				CLANG_ENABLE_OBJC_WEAK = YES;
				CLANG_WARN_BLOCK_CAPTURE_AUTORELEASING = YES;
				CLANG_WARN_BOOL_CONVERSION = YES;
				CLANG_WARN_COMMA = YES;
				CLANG_WARN_CONSTANT_CONVERSION = YES;
				CLANG_WARN_DEPRECATED_OBJC_IMPLEMENTATIONS = YES;
				CLANG_WARN_DIRECT_OBJC_ISA_USAGE = YES_ERROR;
				CLANG_WARN_DOCUMENTATION_COMMENTS = YES;
				CLANG_WARN_EMPTY_BODY = YES;
				CLANG_WARN_ENUM_CONVERSION = YES;
				CLANG_WARN_INFINITE_RECURSION = YES;
				CLANG_WARN_INT_CONVERSION = YES;
				CLANG_WARN_NON_LITERAL_NULL_CONVERSION = YES;
				CLANG_WARN_OBJC_IMPLICIT_RETAIN_SELF = YES;
				CLANG_WARN_OBJC_LITERAL_CONVERSION = YES;
				CLANG_WARN_OBJC_ROOT_CLASS = YES_ERROR;
				CLANG_WARN_QUOTED_INCLUDE_IN_FRAMEWORK_HEADER = YES;
				CLANG_WARN_RANGE_LOOP_ANALYSIS = YES;
				CLANG_WARN_STRICT_PROTOTYPES = YES;
				CLANG_WARN_SUSPICIOUS_MOVE = YES;
				CLANG_WARN_UNGUARDED_AVAILABILITY = YES_AGGRESSIVE;
				CLANG_WARN_UNREACHABLE_CODE = YES;
				CLANG_WARN__DUPLICATE_METHOD_MATCH = YES;
				COPY_PHASE_STRIP = NO;
				DEBUG_INFORMATION_FORMAT = dwarf;
				ENABLE_STRICT_OBJC_MSGSEND = YES;
				ENABLE_TESTABILITY = YES;
				GCC_C_LANGUAGE_STANDARD = gnu11;
				GCC_DYNAMIC_NO_PIC = NO;
				GCC_NO_COMMON_BLOCKS = YES;
				GCC_OPTIMIZATION_LEVEL = 0;
				GCC_PREPROCESSOR_DEFINITIONS = (
					"DEBUG=1",
					"$(inherited)",
				);
				GCC_WARN_64_TO_32_BIT_CONVERSION = YES;
				GCC_WARN_ABOUT_RETURN_TYPE = YES_ERROR;
				GCC_WARN_UNDECLARED_SELECTOR = YES;
				GCC_WARN_UNINITIALIZED_AUTOS = YES_AGGRESSIVE;
				GCC_WARN_UNUSED_FUNCTION = YES;
				GCC_WARN_UNUSED_VARIABLE = YES;
				IPHONEOS_DEPLOYMENT_TARGET = 14.5;
				MTL_ENABLE_DEBUG_INFO = INCLUDE_SOURCE;
				MTL_FAST_MATH = YES;
				ONLY_ACTIVE_ARCH = YES;
				SDKROOT = iphoneos;
				SWIFT_ACTIVE_COMPILATION_CONDITIONS = DEBUG;
				SWIFT_OPTIMIZATION_LEVEL = "-Onone";
			};
			name = Debug;
		};
		2727D6E026D047D1000E14E0 /* Release */ = {
			isa = XCBuildConfiguration;
			buildSettings = {
				ALWAYS_SEARCH_USER_PATHS = NO;
				CLANG_ANALYZER_NONNULL = YES;
				CLANG_ANALYZER_NUMBER_OBJECT_CONVERSION = YES_AGGRESSIVE;
				CLANG_CXX_LANGUAGE_STANDARD = "gnu++14";
				CLANG_CXX_LIBRARY = "libc++";
				CLANG_ENABLE_MODULES = YES;
				CLANG_ENABLE_OBJC_ARC = YES;
				CLANG_ENABLE_OBJC_WEAK = YES;
				CLANG_WARN_BLOCK_CAPTURE_AUTORELEASING = YES;
				CLANG_WARN_BOOL_CONVERSION = YES;
				CLANG_WARN_COMMA = YES;
				CLANG_WARN_CONSTANT_CONVERSION = YES;
				CLANG_WARN_DEPRECATED_OBJC_IMPLEMENTATIONS = YES;
				CLANG_WARN_DIRECT_OBJC_ISA_USAGE = YES_ERROR;
				CLANG_WARN_DOCUMENTATION_COMMENTS = YES;
				CLANG_WARN_EMPTY_BODY = YES;
				CLANG_WARN_ENUM_CONVERSION = YES;
				CLANG_WARN_INFINITE_RECURSION = YES;
				CLANG_WARN_INT_CONVERSION = YES;
				CLANG_WARN_NON_LITERAL_NULL_CONVERSION = YES;
				CLANG_WARN_OBJC_IMPLICIT_RETAIN_SELF = YES;
				CLANG_WARN_OBJC_LITERAL_CONVERSION = YES;
				CLANG_WARN_OBJC_ROOT_CLASS = YES_ERROR;
				CLANG_WARN_QUOTED_INCLUDE_IN_FRAMEWORK_HEADER = YES;
				CLANG_WARN_RANGE_LOOP_ANALYSIS = YES;
				CLANG_WARN_STRICT_PROTOTYPES = YES;
				CLANG_WARN_SUSPICIOUS_MOVE = YES;
				CLANG_WARN_UNGUARDED_AVAILABILITY = YES_AGGRESSIVE;
				CLANG_WARN_UNREACHABLE_CODE = YES;
				CLANG_WARN__DUPLICATE_METHOD_MATCH = YES;
				COPY_PHASE_STRIP = NO;
				DEBUG_INFORMATION_FORMAT = "dwarf-with-dsym";
				ENABLE_NS_ASSERTIONS = NO;
				ENABLE_STRICT_OBJC_MSGSEND = YES;
				GCC_C_LANGUAGE_STANDARD = gnu11;
				GCC_NO_COMMON_BLOCKS = YES;
				GCC_WARN_64_TO_32_BIT_CONVERSION = YES;
				GCC_WARN_ABOUT_RETURN_TYPE = YES_ERROR;
				GCC_WARN_UNDECLARED_SELECTOR = YES;
				GCC_WARN_UNINITIALIZED_AUTOS = YES_AGGRESSIVE;
				GCC_WARN_UNUSED_FUNCTION = YES;
				GCC_WARN_UNUSED_VARIABLE = YES;
				IPHONEOS_DEPLOYMENT_TARGET = 14.5;
				MTL_ENABLE_DEBUG_INFO = NO;
				MTL_FAST_MATH = YES;
				SDKROOT = iphoneos;
				SWIFT_COMPILATION_MODE = wholemodule;
				SWIFT_OPTIMIZATION_LEVEL = "-O";
				VALIDATE_PRODUCT = YES;
			};
			name = Release;
		};
		2727D6E226D047D1000E14E0 /* Debug */ = {
			isa = XCBuildConfiguration;
			buildSettings = {
				ASSETCATALOG_COMPILER_APPICON_NAME = AppIcon;
				ASSETCATALOG_COMPILER_GLOBAL_ACCENT_COLOR_NAME = AccentColor;
				CODE_SIGN_STYLE = Automatic;
				DEVELOPMENT_ASSET_PATHS = "\"City Sights App/Preview Content\"";
				DEVELOPMENT_TEAM = 4ZN2P6783G;
				ENABLE_PREVIEWS = YES;
				INFOPLIST_FILE = "City Sights App/Info.plist";
				IPHONEOS_DEPLOYMENT_TARGET = 14.0;
				LD_RUNPATH_SEARCH_PATHS = (
					"$(inherited)",
					"@executable_path/Frameworks",
				);
				PRODUCT_BUNDLE_IDENTIFIER = "tzortziskap.com.City-Sights-App";
				PRODUCT_NAME = "$(TARGET_NAME)";
				SWIFT_VERSION = 5.0;
				TARGETED_DEVICE_FAMILY = "1,2";
			};
			name = Debug;
		};
		2727D6E326D047D1000E14E0 /* Release */ = {
			isa = XCBuildConfiguration;
			buildSettings = {
				ASSETCATALOG_COMPILER_APPICON_NAME = AppIcon;
				ASSETCATALOG_COMPILER_GLOBAL_ACCENT_COLOR_NAME = AccentColor;
				CODE_SIGN_STYLE = Automatic;
				DEVELOPMENT_ASSET_PATHS = "\"City Sights App/Preview Content\"";
				DEVELOPMENT_TEAM = 4ZN2P6783G;
				ENABLE_PREVIEWS = YES;
				INFOPLIST_FILE = "City Sights App/Info.plist";
				IPHONEOS_DEPLOYMENT_TARGET = 14.0;
				LD_RUNPATH_SEARCH_PATHS = (
					"$(inherited)",
					"@executable_path/Frameworks",
				);
				PRODUCT_BUNDLE_IDENTIFIER = "tzortziskap.com.City-Sights-App";
				PRODUCT_NAME = "$(TARGET_NAME)";
				SWIFT_VERSION = 5.0;
				TARGETED_DEVICE_FAMILY = "1,2";
			};
			name = Release;
		};
/* End XCBuildConfiguration section */

/* Begin XCConfigurationList section */
		2727D6CD26D047CF000E14E0 /* Build configuration list for PBXProject "City Sights App" */ = {
			isa = XCConfigurationList;
			buildConfigurations = (
				2727D6DF26D047D1000E14E0 /* Debug */,
				2727D6E026D047D1000E14E0 /* Release */,
			);
			defaultConfigurationIsVisible = 0;
			defaultConfigurationName = Release;
		};
		2727D6E126D047D1000E14E0 /* Build configuration list for PBXNativeTarget "City Sights App" */ = {
			isa = XCConfigurationList;
			buildConfigurations = (
				2727D6E226D047D1000E14E0 /* Debug */,
				2727D6E326D047D1000E14E0 /* Release */,
			);
			defaultConfigurationIsVisible = 0;
			defaultConfigurationName = Release;
		};
/* End XCConfigurationList section */
	};
	rootObject = 2727D6CA26D047CF000E14E0 /* Project object */;
}
